
Microsoft Visual Studio Solution File, Format Version 12.00
# Visual Studio Version 17
VisualStudioVersion = 17.2.32630.192
MinimumVisualStudioVersion = 10.0.40219.1
Project("{FAE04EC0-301F-11D3-BF4B-00C04F79EFBC}") = "Catalog.API", "Catalog.API.csproj", "{1A78B2C7-B691-4901-B42C-6383374D422B}"
EndProject
Global
	GlobalSection(SolutionConfigurationPlatforms) = preSolution
		Debug|Any CPU = Debug|Any CPU
		Release|Any CPU = Release|Any CPU
	EndGlobalSection
	GlobalSection(ProjectConfigurationPlatforms) = postSolution
		{1A78B2C7-B691-4901-B42C-6383374D422B}.Debug|Any CPU.ActiveCfg = Debug|Any CPU
		{1A78B2C7-B691-4901-B42C-6383374D422B}.Debug|Any CPU.Build.0 = Debug|Any CPU
		{1A78B2C7-B691-4901-B42C-6383374D422B}.Release|Any CPU.ActiveCfg = Release|Any CPU
		{1A78B2C7-B691-4901-B42C-6383374D422B}.Release|Any CPU.Build.0 = Release|Any CPU
	EndGlobalSection
	GlobalSection(SolutionProperties) = preSolution
		HideSolutionNode = FALSE
	EndGlobalSection
	GlobalSection(ExtensibilityGlobals) = postSolution
		SolutionGuid = {4B2B1E9B-BE96-4E35-BE81-600FAC110C89}
	EndGlobalSection
EndGlobal
